
Microsoft Visual Studio Solution File, Format Version 12.00
# Visual Studio Version 17
VisualStudioVersion = 17.6.33829.357
MinimumVisualStudioVersion = 10.0.40219.1
Project("{9A19103F-16F7-4668-BE54-9A1E7A4F7556}") = "Challenge", "Challenge\Challenge.csproj", "{A63B585E-7F3F-4BAE-BDCB-7691AB6F35EC}"
	ProjectSection(ProjectDependencies) = postProject
		{FD95815E-A310-4018-BE4C-52168B9365ED} = {FD95815E-A310-4018-BE4C-52168B9365ED}
	EndProjectSection
EndProject
Project("{9A19103F-16F7-4668-BE54-9A1E7A4F7556}") = "Usuario", "Usuario\Usuario.csproj", "{FD95815E-A310-4018-BE4C-52168B9365ED}"
EndProject
Project("{9A19103F-16F7-4668-BE54-9A1E7A4F7556}") = "Encriptacion", "Encriptacion\Encriptacion.csproj", "{69855F01-96FC-4581-8292-587B2DEA8094}"
EndProject
Project("{FAE04EC0-301F-11D3-BF4B-00C04F79EFBC}") = "UnitTests", "UnitTests\UnitTests.csproj", "{07BD903C-A54C-460D-81D7-C3B4E12AA604}"
EndProject
Global
	GlobalSection(SolutionConfigurationPlatforms) = preSolution
		Debug|Any CPU = Debug|Any CPU
		Release|Any CPU = Release|Any CPU
	EndGlobalSection
	GlobalSection(ProjectConfigurationPlatforms) = postSolution
		{A63B585E-7F3F-4BAE-BDCB-7691AB6F35EC}.Debug|Any CPU.ActiveCfg = Debug|Any CPU
		{A63B585E-7F3F-4BAE-BDCB-7691AB6F35EC}.Debug|Any CPU.Build.0 = Debug|Any CPU
		{A63B585E-7F3F-4BAE-BDCB-7691AB6F35EC}.Release|Any CPU.ActiveCfg = Release|Any CPU
		{A63B585E-7F3F-4BAE-BDCB-7691AB6F35EC}.Release|Any CPU.Build.0 = Release|Any CPU
		{FD95815E-A310-4018-BE4C-52168B9365ED}.Debug|Any CPU.ActiveCfg = Debug|Any CPU
		{FD95815E-A310-4018-BE4C-52168B9365ED}.Debug|Any CPU.Build.0 = Debug|Any CPU
		{FD95815E-A310-4018-BE4C-52168B9365ED}.Release|Any CPU.ActiveCfg = Release|Any CPU
		{FD95815E-A310-4018-BE4C-52168B9365ED}.Release|Any CPU.Build.0 = Release|Any CPU
		{69855F01-96FC-4581-8292-587B2DEA8094}.Debug|Any CPU.ActiveCfg = Debug|Any CPU
		{69855F01-96FC-4581-8292-587B2DEA8094}.Debug|Any CPU.Build.0 = Debug|Any CPU
		{69855F01-96FC-4581-8292-587B2DEA8094}.Release|Any CPU.ActiveCfg = Release|Any CPU
		{69855F01-96FC-4581-8292-587B2DEA8094}.Release|Any CPU.Build.0 = Release|Any CPU
		{07BD903C-A54C-460D-81D7-C3B4E12AA604}.Debug|Any CPU.ActiveCfg = Debug|Any CPU
		{07BD903C-A54C-460D-81D7-C3B4E12AA604}.Debug|Any CPU.Build.0 = Debug|Any CPU
		{07BD903C-A54C-460D-81D7-C3B4E12AA604}.Release|Any CPU.ActiveCfg = Release|Any CPU
		{07BD903C-A54C-460D-81D7-C3B4E12AA604}.Release|Any CPU.Build.0 = Release|Any CPU
	EndGlobalSection
	GlobalSection(SolutionProperties) = preSolution
		HideSolutionNode = FALSE
	EndGlobalSection
	GlobalSection(ExtensibilityGlobals) = postSolution
		SolutionGuid = {0074D1C0-FC72-4251-8F48-264BF8342F2D}
	EndGlobalSection
EndGlobal
